
Microsoft Visual Studio Solution File, Format Version 12.00
# Visual Studio 2015
Project("{FAE04EC0-301F-11D3-BF4B-00C04F79EFBC}") = "ProgrammingBattle.CSharp", "ProgrammingBattle.CSharp.csproj", "{647BD1C7-3E5B-18DA-94F6-6550571ABFA4}"
EndProject
Global
	GlobalSection(SolutionConfigurationPlatforms) = preSolution
		Debug|Any CPU = Debug|Any CPU
		Release|Any CPU = Release|Any CPU
	EndGlobalSection
	GlobalSection(ProjectConfigurationPlatforms) = postSolution
		{647BD1C7-3E5B-18DA-94F6-6550571ABFA4}.Debug|Any CPU.ActiveCfg = Debug|Any CPU
		{647BD1C7-3E5B-18DA-94F6-6550571ABFA4}.Debug|Any CPU.Build.0 = Debug|Any CPU
		{647BD1C7-3E5B-18DA-94F6-6550571ABFA4}.Release|Any CPU.ActiveCfg = Release|Any CPU
		{647BD1C7-3E5B-18DA-94F6-6550571ABFA4}.Release|Any CPU.Build.0 = Release|Any CPU
	EndGlobalSection
	GlobalSection(SolutionProperties) = preSolution
		HideSolutionNode = FALSE
	EndGlobalSection
EndGlobal
